
Microsoft Visual Studio Solution File, Format Version 12.00
# Visual Studio Version 16
VisualStudioVersion = 16.0.31019.35
MinimumVisualStudioVersion = 10.0.40219.1
Project("{FAE04EC0-301F-11D3-BF4B-00C04F79EFBC}") = "IniOperation", "IniOperation.csproj", "{00FEE5B9-1DC8-437F-8345-78F6F42D72F1}"
EndProject
Global
	GlobalSection(SolutionConfigurationPlatforms) = preSolution
		Debug|Any CPU = Debug|Any CPU
		Release|Any CPU = Release|Any CPU
	EndGlobalSection
	GlobalSection(ProjectConfigurationPlatforms) = postSolution
		{00FEE5B9-1DC8-437F-8345-78F6F42D72F1}.Debug|Any CPU.ActiveCfg = Debug|Any CPU
		{00FEE5B9-1DC8-437F-8345-78F6F42D72F1}.Debug|Any CPU.Build.0 = Debug|Any CPU
		{00FEE5B9-1DC8-437F-8345-78F6F42D72F1}.Release|Any CPU.ActiveCfg = Release|Any CPU
		{00FEE5B9-1DC8-437F-8345-78F6F42D72F1}.Release|Any CPU.Build.0 = Release|Any CPU
	EndGlobalSection
	GlobalSection(SolutionProperties) = preSolution
		HideSolutionNode = FALSE
	EndGlobalSection
	GlobalSection(ExtensibilityGlobals) = postSolution
		SolutionGuid = {A7CFA789-6E0C-4F4F-86B9-92EECC505740}
	EndGlobalSection
EndGlobal
